
Microsoft Visual Studio Solution File, Format Version 12.00
# Visual Studio Version 17
VisualStudioVersion = 17.0.32126.317
MinimumVisualStudioVersion = 10.0.40219.1
Project("{FAE04EC0-301F-11D3-BF4B-00C04F79EFBC}") = "ConsoleClassic1", "ConsoleClassic1\ConsoleClassic1.csproj", "{09599FC3-AF6C-429D-A320-4F0E872892FB}"
EndProject
Global
	GlobalSection(SolutionConfigurationPlatforms) = preSolution
		Debug|Any CPU = Debug|Any CPU
		Release|Any CPU = Release|Any CPU
	EndGlobalSection
	GlobalSection(ProjectConfigurationPlatforms) = postSolution
		{09599FC3-AF6C-429D-A320-4F0E872892FB}.Debug|Any CPU.ActiveCfg = Debug|Any CPU
		{09599FC3-AF6C-429D-A320-4F0E872892FB}.Debug|Any CPU.Build.0 = Debug|Any CPU
		{09599FC3-AF6C-429D-A320-4F0E872892FB}.Release|Any CPU.ActiveCfg = Release|Any CPU
		{09599FC3-AF6C-429D-A320-4F0E872892FB}.Release|Any CPU.Build.0 = Release|Any CPU
	EndGlobalSection
	GlobalSection(SolutionProperties) = preSolution
		HideSolutionNode = FALSE
	EndGlobalSection
	GlobalSection(ExtensibilityGlobals) = postSolution
		SolutionGuid = {B335EC33-AE8F-4BB6-960D-DB60BA7D88CE}
	EndGlobalSection
EndGlobal
